
Microsoft Visual Studio Solution File, Format Version 12.00
# Visual Studio Version 17
VisualStudioVersion = 17.5.33424.131
MinimumVisualStudioVersion = 10.0.40219.1
Project("{9A19103F-16F7-4668-BE54-9A1E7A4F7556}") = "OutlayManager.Infraestructure", "OutlayManager.Infraestructure\OutlayManager.Infraestructure.csproj", "{19B90007-311F-4DC5-8680-C7946A23D147}"
EndProject
Project("{9A19103F-16F7-4668-BE54-9A1E7A4F7556}") = "OutlayManager.Model", "OutlayManager.Model\OutlayManager.Model.csproj", "{F07FFA05-0FFC-4039-8C33-96D72C041A9A}"
EndProject
Project("{FAE04EC0-301F-11D3-BF4B-00C04F79EFBC}") = "OutlayManager.Api", "OutlayManager.Api\OutlayManager.Api.csproj", "{0F08F5AC-D322-4AC8-BD9E-3F5C48EC31A0}"
EndProject
Global
	GlobalSection(SolutionConfigurationPlatforms) = preSolution
		Debug|Any CPU = Debug|Any CPU
		Release|Any CPU = Release|Any CPU
	EndGlobalSection
	GlobalSection(ProjectConfigurationPlatforms) = postSolution
		{19B90007-311F-4DC5-8680-C7946A23D147}.Debug|Any CPU.ActiveCfg = Debug|Any CPU
		{19B90007-311F-4DC5-8680-C7946A23D147}.Debug|Any CPU.Build.0 = Debug|Any CPU
		{19B90007-311F-4DC5-8680-C7946A23D147}.Release|Any CPU.ActiveCfg = Release|Any CPU
		{19B90007-311F-4DC5-8680-C7946A23D147}.Release|Any CPU.Build.0 = Release|Any CPU
		{F07FFA05-0FFC-4039-8C33-96D72C041A9A}.Debug|Any CPU.ActiveCfg = Debug|Any CPU
		{F07FFA05-0FFC-4039-8C33-96D72C041A9A}.Debug|Any CPU.Build.0 = Debug|Any CPU
		{F07FFA05-0FFC-4039-8C33-96D72C041A9A}.Release|Any CPU.ActiveCfg = Release|Any CPU
		{F07FFA05-0FFC-4039-8C33-96D72C041A9A}.Release|Any CPU.Build.0 = Release|Any CPU
		{0F08F5AC-D322-4AC8-BD9E-3F5C48EC31A0}.Debug|Any CPU.ActiveCfg = Debug|Any CPU
		{0F08F5AC-D322-4AC8-BD9E-3F5C48EC31A0}.Debug|Any CPU.Build.0 = Debug|Any CPU
		{0F08F5AC-D322-4AC8-BD9E-3F5C48EC31A0}.Release|Any CPU.ActiveCfg = Release|Any CPU
		{0F08F5AC-D322-4AC8-BD9E-3F5C48EC31A0}.Release|Any CPU.Build.0 = Release|Any CPU
	EndGlobalSection
	GlobalSection(SolutionProperties) = preSolution
		HideSolutionNode = FALSE
	EndGlobalSection
	GlobalSection(ExtensibilityGlobals) = postSolution
		SolutionGuid = {38376978-82E0-4E09-B0BF-FDA83B578DDA}
	EndGlobalSection
EndGlobal
